GEM
  remote: https://rubygems.org/
  specs:
    fileutils (1.8.0)
    json (2.19.3)
    net-http (0.9.1)
      uri (>= 0.11.1)
    uri (1.1.1)

PLATFORMS
  ruby
  x86_64-linux

DEPENDENCIES
  fileutils (~> 1.8)
  json (~> 2.19)
  net-http (~> 0.9.1)

CHECKSUMS
  fileutils (1.8.0) sha256=8c6b1df54e2540bdb2f39258f08af78853aa70bad52b4d394bbc6424593c6e02
  json (2.19.3) sha256=289b0bb53052a1fa8c34ab33cc750b659ba14a5c45f3fcf4b18762dc67c78646
  net-http (0.9.1) sha256=25ba0b67c63e89df626ed8fac771d0ad24ad151a858af2cc8e6a716ca4336996
  uri (1.1.1) sha256=379fa58d27ffb1387eaada68c749d1426738bd0f654d812fcc07e7568f5c57c6

BUNDLED WITH
  4.0.9
